
Microsoft Visual Studio Solution File, Format Version 12.00
# Visual Studio 2013
VisualStudioVersion = 12.0.30723.0
MinimumVisualStudioVersion = 10.0.40219.1
Project("{FAE04EC0-301F-11D3-BF4B-00C04F79EFBC}") = "WebkitNet", "WebkitNet\WebkitNet.csproj", "{1C1DC282-FEAD-45F2-A757-90A9481B4112}"
EndProject
Project("{8BC9CEB8-8B4A-11D0-8D11-00A0C91BC942}") = "JSCore", "JSCore\JSCore.vcxproj", "{287EEE45-1390-44D5-982F-0B96D4A077DA}"
EndProject
Project("{FAE04EC0-301F-11D3-BF4B-00C04F79EFBC}") = "Demo", "Demo\Demo.csproj", "{E00D785C-4F7C-47C5-86A0-4C7EB03622F6}"
EndProject
Global
	GlobalSection(SolutionConfigurationPlatforms) = preSolution
		Debug|Any CPU = Debug|Any CPU
		Debug|Mixed Platforms = Debug|Mixed Platforms
		Debug|Win32 = Debug|Win32
		Release|Any CPU = Release|Any CPU
		Release|Mixed Platforms = Release|Mixed Platforms
		Release|Win32 = Release|Win32
	EndGlobalSection
	GlobalSection(ProjectConfigurationPlatforms) = postSolution
		{1C1DC282-FEAD-45F2-A757-90A9481B4112}.Debug|Any CPU.ActiveCfg = Debug|Any CPU
		{1C1DC282-FEAD-45F2-A757-90A9481B4112}.Debug|Any CPU.Build.0 = Debug|Any CPU
		{1C1DC282-FEAD-45F2-A757-90A9481B4112}.Debug|Mixed Platforms.ActiveCfg = Debug|Any CPU
		{1C1DC282-FEAD-45F2-A757-90A9481B4112}.Debug|Mixed Platforms.Build.0 = Debug|Any CPU
		{1C1DC282-FEAD-45F2-A757-90A9481B4112}.Debug|Win32.ActiveCfg = Debug|Any CPU
		{1C1DC282-FEAD-45F2-A757-90A9481B4112}.Release|Any CPU.ActiveCfg = Release|Any CPU
		{1C1DC282-FEAD-45F2-A757-90A9481B4112}.Release|Any CPU.Build.0 = Release|Any CPU
		{1C1DC282-FEAD-45F2-A757-90A9481B4112}.Release|Mixed Platforms.ActiveCfg = Release|Any CPU
		{1C1DC282-FEAD-45F2-A757-90A9481B4112}.Release|Mixed Platforms.Build.0 = Release|Any CPU
		{1C1DC282-FEAD-45F2-A757-90A9481B4112}.Release|Win32.ActiveCfg = Release|Any CPU
		{287EEE45-1390-44D5-982F-0B96D4A077DA}.Debug|Any CPU.ActiveCfg = Debug|Win32
		{287EEE45-1390-44D5-982F-0B96D4A077DA}.Debug|Mixed Platforms.ActiveCfg = Debug|Win32
		{287EEE45-1390-44D5-982F-0B96D4A077DA}.Debug|Mixed Platforms.Build.0 = Debug|Win32
		{287EEE45-1390-44D5-982F-0B96D4A077DA}.Debug|Win32.ActiveCfg = Debug|Win32
		{287EEE45-1390-44D5-982F-0B96D4A077DA}.Debug|Win32.Build.0 = Debug|Win32
		{287EEE45-1390-44D5-982F-0B96D4A077DA}.Release|Any CPU.ActiveCfg = Release|Win32
		{287EEE45-1390-44D5-982F-0B96D4A077DA}.Release|Mixed Platforms.ActiveCfg = Release|Win32
		{287EEE45-1390-44D5-982F-0B96D4A077DA}.Release|Mixed Platforms.Build.0 = Release|Win32
		{287EEE45-1390-44D5-982F-0B96D4A077DA}.Release|Win32.ActiveCfg = Release|Win32
		{287EEE45-1390-44D5-982F-0B96D4A077DA}.Release|Win32.Build.0 = Release|Win32
		{E00D785C-4F7C-47C5-86A0-4C7EB03622F6}.Debug|Any CPU.ActiveCfg = Debug|Any CPU
		{E00D785C-4F7C-47C5-86A0-4C7EB03622F6}.Debug|Any CPU.Build.0 = Debug|Any CPU
		{E00D785C-4F7C-47C5-86A0-4C7EB03622F6}.Debug|Mixed Platforms.ActiveCfg = Debug|Any CPU
		{E00D785C-4F7C-47C5-86A0-4C7EB03622F6}.Debug|Mixed Platforms.Build.0 = Debug|Any CPU
		{E00D785C-4F7C-47C5-86A0-4C7EB03622F6}.Debug|Win32.ActiveCfg = Debug|Any CPU
		{E00D785C-4F7C-47C5-86A0-4C7EB03622F6}.Release|Any CPU.ActiveCfg = Release|Any CPU
		{E00D785C-4F7C-47C5-86A0-4C7EB03622F6}.Release|Any CPU.Build.0 = Release|Any CPU
		{E00D785C-4F7C-47C5-86A0-4C7EB03622F6}.Release|Mixed Platforms.ActiveCfg = Release|Any CPU
		{E00D785C-4F7C-47C5-86A0-4C7EB03622F6}.Release|Mixed Platforms.Build.0 = Release|Any CPU
		{E00D785C-4F7C-47C5-86A0-4C7EB03622F6}.Release|Win32.ActiveCfg = Release|Any CPU
	EndGlobalSection
	GlobalSection(SolutionProperties) = preSolution
		HideSolutionNode = FALSE
	EndGlobalSection
EndGlobal
